// !$*UTF8*$!
{
	archiveVersion = 1;
	classes = {
	};
	objectVersion = 55;
	objects = {

/* Begin PBXBuildFile section */
		94BDE8E02730D00400126FD6 /* Launch Screen.storyboard in Resources */ = {isa = PBXBuildFile; fileRef = 94BDE8DF2730D00400126FD6 /* Launch Screen.storyboard */; };
		94BDE92027325A0000126FD6 /* MainView.swift in Sources */ = {isa = PBXBuildFile; fileRef = 94BDE91F27325A0000126FD6 /* MainView.swift */; };
		B25CA39A274B9A7300E3F90C /* GoogleService-Info.plist in Resources */ = {isa = PBXBuildFile; fileRef = B25CA399274B9A7300E3F90C /* GoogleService-Info.plist */; };
		B25CA3C5274CA68900E3F90C /* FirebaseAnalytics in Frameworks */ = {isa = PBXBuildFile; productRef = B25CA3C4274CA68900E3F90C /* FirebaseAnalytics */; };
		B25CA3C7274CA68900E3F90C /* FirebaseMessaging in Frameworks */ = {isa = PBXBuildFile; productRef = B25CA3C6274CA68900E3F90C /* FirebaseMessaging */; };
		B2FB4B97271CE876004851D0 /* wkweebviewApp.swift in Sources */ = {isa = PBXBuildFile; fileRef = B2FB4B96271CE876004851D0 /* wkweebviewApp.swift */; };
		B2FB4B99271CE876004851D0 /* ContentView.swift in Sources */ = {isa = PBXBuildFile; fileRef = B2FB4B98271CE876004851D0 /* ContentView.swift */; };
		B2FB4B9B271CE878004851D0 /* Assets.xcassets in Resources */ = {isa = PBXBuildFile; fileRef = B2FB4B9A271CE878004851D0 /* Assets.xcassets */; };
		B2FB4B9E271CE878004851D0 /* Preview Assets.xcassets in Resources */ = {isa = PBXBuildFile; fileRef = B2FB4B9D271CE878004851D0 /* Preview Assets.xcassets */; };
		B2FB4BA8271CE878004851D0 /* wkweebviewTests.swift in Sources */ = {isa = PBXBuildFile; fileRef = B2FB4BA7271CE878004851D0 /* wkweebviewTests.swift */; };
		B2FB4BB2271CE878004851D0 /* wkweebviewUITests.swift in Sources */ = {isa = PBXBuildFile; fileRef = B2FB4BB1271CE878004851D0 /* wkweebviewUITests.swift */; };
		B2FB4BB4271CE878004851D0 /* wkweebviewUITestsLaunchTests.swift in Sources */ = {isa = PBXBuildFile; fileRef = B2FB4BB3271CE878004851D0 /* wkweebviewUITestsLaunchTests.swift */; };
		B2FB4BC2271CE916004851D0 /* WebKit.framework in Frameworks */ = {isa = PBXBuildFile; fileRef = B2FB4BC1271CE916004851D0 /* WebKit.framework */; };
/* End PBXBuildFile section */

/* Begin PBXContainerItemProxy section */
		B2FB4BA4271CE878004851D0 /* PBXContainerItemProxy */ = {
			isa = PBXContainerItemProxy;
			containerPortal = B2FB4B8B271CE876004851D0 /* Project object */;
			proxyType = 1;
			remoteGlobalIDString = B2FB4B92271CE876004851D0;
			remoteInfo = wkweebview;
		};
		B2FB4BAE271CE878004851D0 /* PBXContainerItemProxy */ = {
			isa = PBXContainerItemProxy;
			containerPortal = B2FB4B8B271CE876004851D0 /* Project object */;
			proxyType = 1;
			remoteGlobalIDString = B2FB4B92271CE876004851D0;
			remoteInfo = wkweebview;
		};
/* End PBXContainerItemProxy section */

/* Begin PBXFileReference section */
		94BDE8DF2730D00400126FD6 /* Launch Screen.storyboard */ = {isa = PBXFileReference; lastKnownFileType = file.storyboard; path = "Launch Screen.storyboard"; sourceTree = "<group>"; };
		94BDE91F27325A0000126FD6 /* MainView.swift */ = {isa = PBXFileReference; lastKnownFileType = sourcecode.swift; path = MainView.swift; sourceTree = "<group>"; };
		B25CA399274B9A7300E3F90C /* GoogleService-Info.plist */ = {isa = PBXFileReference; fileEncoding = 4; lastKnownFileType = text.plist.xml; path = "GoogleService-Info.plist"; sourceTree = "<group>"; };
		B25CA3A6274C85F600E3F90C /* wkweebview.entitlements */ = {isa = PBXFileReference; lastKnownFileType = text.plist.entitlements; path = wkweebview.entitlements; sourceTree = "<group>"; };
		B25CA3A7274C889400E3F90C /* wkweebviewRelease.entitlements */ = {isa = PBXFileReference; lastKnownFileType = text.plist.entitlements; path = wkweebviewRelease.entitlements; sourceTree = "<group>"; };
		B2FB4B93271CE876004851D0 /* wkweebview.app */ = {isa = PBXFileReference; explicitFileType = wrapper.application; includeInIndex = 0; path = wkweebview.app; sourceTree = BUILT_PRODUCTS_DIR; };
		B2FB4B96271CE876004851D0 /* wkweebviewApp.swift */ = {isa = PBXFileReference; lastKnownFileType = sourcecode.swift; path = wkweebviewApp.swift; sourceTree = "<group>"; };
		B2FB4B98271CE876004851D0 /* ContentView.swift */ = {isa = PBXFileReference; lastKnownFileType = sourcecode.swift; path = ContentView.swift; sourceTree = "<group>"; };
		B2FB4B9A271CE878004851D0 /* Assets.xcassets */ = {isa = PBXFileReference; lastKnownFileType = folder.assetcatalog; path = Assets.xcassets; sourceTree = "<group>"; };
		B2FB4B9D271CE878004851D0 /* Preview Assets.xcassets */ = {isa = PBXFileReference; lastKnownFileType = folder.assetcatalog; path = "Preview Assets.xcassets"; sourceTree = "<group>"; };
		B2FB4BA3271CE878004851D0 /* wkweebviewTests.xctest */ = {isa = PBXFileReference; explicitFileType = wrapper.cfbundle; includeInIndex = 0; path = wkweebviewTests.xctest; sourceTree = BUILT_PRODUCTS_DIR; };
		B2FB4BA7271CE878004851D0 /* wkweebviewTests.swift */ = {isa = PBXFileReference; lastKnownFileType = sourcecode.swift; path = wkweebviewTests.swift; sourceTree = "<group>"; };
		B2FB4BAD271CE878004851D0 /* wkweebviewUITests.xctest */ = {isa = PBXFileReference; explicitFileType = wrapper.cfbundle; includeInIndex = 0; path = wkweebviewUITests.xctest; sourceTree = BUILT_PRODUCTS_DIR; };
		B2FB4BB1271CE878004851D0 /* wkweebviewUITests.swift */ = {isa = PBXFileReference; lastKnownFileType = sourcecode.swift; path = wkweebviewUITests.swift; sourceTree = "<group>"; };
		B2FB4BB3271CE878004851D0 /* wkweebviewUITestsLaunchTests.swift */ = {isa = PBXFileReference; lastKnownFileType = sourcecode.swift; path = wkweebviewUITestsLaunchTests.swift; sourceTree = "<group>"; };
		B2FB4BC1271CE916004851D0 /* WebKit.framework */ = {isa = PBXFileReference; lastKnownFileType = wrapper.framework; name = WebKit.framework; path = System/Library/Frameworks/WebKit.framework; sourceTree = SDKROOT; };
		B2FB4BCC271E4E6E004851D0 /* Info.plist */ = {isa = PBXFileReference; lastKnownFileType = text.plist.xml; path = Info.plist; sourceTree = "<group>"; };
/* End PBXFileReference section */

/* Begin PBXFrameworksBuildPhase section */
		B2FB4B90271CE876004851D0 /* Frameworks */ = {
			isa = PBXFrameworksBuildPhase;
			buildActionMask = 2147483647;
			files = (
				B25CA3C7274CA68900E3F90C /* FirebaseMessaging in Frameworks */,
				B25CA3C5274CA68900E3F90C /* FirebaseAnalytics in Frameworks */,
				B2FB4BC2271CE916004851D0 /* WebKit.framework in Frameworks */,
			);
			runOnlyForDeploymentPostprocessing = 0;
		};
		B2FB4BA0271CE878004851D0 /* Frameworks */ = {
			isa = PBXFrameworksBuildPhase;
			buildActionMask = 2147483647;
			files = (
			);
			runOnlyForDeploymentPostprocessing = 0;
		};
		B2FB4BAA271CE878004851D0 /* Frameworks */ = {
			isa = PBXFrameworksBuildPhase;
			buildActionMask = 2147483647;
			files = (
			);
			runOnlyForDeploymentPostprocessing = 0;
		};
/* End PBXFrameworksBuildPhase section */

/* Begin PBXGroup section */
		B2FB4B8A271CE876004851D0 = {
			isa = PBXGroup;
			children = (
				B2FB4B95271CE876004851D0 /* wkweebview */,
				B2FB4BA6271CE878004851D0 /* wkweebviewTests */,
				B2FB4BB0271CE878004851D0 /* wkweebviewUITests */,
				B2FB4B94271CE876004851D0 /* Products */,
				B2FB4BC0271CE916004851D0 /* Frameworks */,
			);
			sourceTree = "<group>";
		};
		B2FB4B94271CE876004851D0 /* Products */ = {
			isa = PBXGroup;
			children = (
				B2FB4B93271CE876004851D0 /* wkweebview.app */,
				B2FB4BA3271CE878004851D0 /* wkweebviewTests.xctest */,
				B2FB4BAD271CE878004851D0 /* wkweebviewUITests.xctest */,
			);
			name = Products;
			sourceTree = "<group>";
		};
		B2FB4B95271CE876004851D0 /* wkweebview */ = {
			isa = PBXGroup;
			children = (
				B25CA3A7274C889400E3F90C /* wkweebviewRelease.entitlements */,
				B25CA3A6274C85F600E3F90C /* wkweebview.entitlements */,
				B2FB4BCC271E4E6E004851D0 /* Info.plist */,
				B2FB4B96271CE876004851D0 /* wkweebviewApp.swift */,
				B2FB4B98271CE876004851D0 /* ContentView.swift */,
				B2FB4B9A271CE878004851D0 /* Assets.xcassets */,
				B2FB4B9C271CE878004851D0 /* Preview Content */,
				94BDE8DF2730D00400126FD6 /* Launch Screen.storyboard */,
				94BDE91F27325A0000126FD6 /* MainView.swift */,
				B25CA399274B9A7300E3F90C /* GoogleService-Info.plist */,
			);
			path = wkweebview;
			sourceTree = "<group>";
		};
		B2FB4B9C271CE878004851D0 /* Preview Content */ = {
			isa = PBXGroup;
			children = (
				B2FB4B9D271CE878004851D0 /* Preview Assets.xcassets */,
			);
			path = "Preview Content";
			sourceTree = "<group>";
		};
		B2FB4BA6271CE878004851D0 /* wkweebviewTests */ = {
			isa = PBXGroup;
			children = (
				B2FB4BA7271CE878004851D0 /* wkweebviewTests.swift */,
			);
			path = wkweebviewTests;
			sourceTree = "<group>";
		};
		B2FB4BB0271CE878004851D0 /* wkweebviewUITests */ = {
			isa = PBXGroup;
			children = (
				B2FB4BB1271CE878004851D0 /* wkweebviewUITests.swift */,
				B2FB4BB3271CE878004851D0 /* wkweebviewUITestsLaunchTests.swift */,
			);
			path = wkweebviewUITests;
			sourceTree = "<group>";
		};
		B2FB4BC0271CE916004851D0 /* Frameworks */ = {
			isa = PBXGroup;
			children = (
				B2FB4BC1271CE916004851D0 /* WebKit.framework */,
			);
			name = Frameworks;
			sourceTree = "<group>";
		};
/* End PBXGroup section */

/* Begin PBXNativeTarget section */
		B2FB4B92271CE876004851D0 /* wkweebview */ = {
			isa = PBXNativeTarget;
			buildConfigurationList = B2FB4BB7271CE878004851D0 /* Build configuration list for PBXNativeTarget "wkweebview" */;
			buildPhases = (
				B2FB4B8F271CE876004851D0 /* Sources */,
				B2FB4B90271CE876004851D0 /* Frameworks */,
				B2FB4B91271CE876004851D0 /* Resources */,
			);
			buildRules = (
			);
			dependencies = (
			);
			name = wkweebview;
			packageProductDependencies = (
				B25CA3C4274CA68900E3F90C /* FirebaseAnalytics */,
				B25CA3C6274CA68900E3F90C /* FirebaseMessaging */,
			);
			productName = wkweebview;
			productReference = B2FB4B93271CE876004851D0 /* wkweebview.app */;
			productType = "com.apple.product-type.application";
		};
		B2FB4BA2271CE878004851D0 /* wkweebviewTests */ = {
			isa = PBXNativeTarget;
			buildConfigurationList = B2FB4BBA271CE878004851D0 /* Build configuration list for PBXNativeTarget "wkweebviewTests" */;
			buildPhases = (
				B2FB4B9F271CE878004851D0 /* Sources */,
				B2FB4BA0271CE878004851D0 /* Frameworks */,
				B2FB4BA1271CE878004851D0 /* Resources */,
			);
			buildRules = (
			);
			dependencies = (
				B2FB4BA5271CE878004851D0 /* PBXTargetDependency */,
			);
			name = wkweebviewTests;
			productName = wkweebviewTests;
			productReference = B2FB4BA3271CE878004851D0 /* wkweebviewTests.xctest */;
			productType = "com.apple.product-type.bundle.unit-test";
		};
		B2FB4BAC271CE878004851D0 /* wkweebviewUITests */ = {
			isa = PBXNativeTarget;
			buildConfigurationList = B2FB4BBD271CE878004851D0 /* Build configuration list for PBXNativeTarget "wkweebviewUITests" */;
			buildPhases = (
				B2FB4BA9271CE878004851D0 /* Sources */,
				B2FB4BAA271CE878004851D0 /* Frameworks */,
				B2FB4BAB271CE878004851D0 /* Resources */,
			);
			buildRules = (
			);
			dependencies = (
				B2FB4BAF271CE878004851D0 /* PBXTargetDependency */,
			);
			name = wkweebviewUITests;
			productName = wkweebviewUITests;
			productReference = B2FB4BAD271CE878004851D0 /* wkweebviewUITests.xctest */;
			productType = "com.apple.product-type.bundle.ui-testing";
		};
/* End PBXNativeTarget section */

/* Begin PBXProject section */
		B2FB4B8B271CE876004851D0 /* Project object */ = {
			isa = PBXProject;
			attributes = {
				BuildIndependentTargetsInParallel = 1;
				LastSwiftUpdateCheck = 1300;
				LastUpgradeCheck = 1300;
				TargetAttributes = {
					B2FB4B92271CE876004851D0 = {
						CreatedOnToolsVersion = 13.0;
					};
					B2FB4BA2271CE878004851D0 = {
						CreatedOnToolsVersion = 13.0;
						TestTargetID = B2FB4B92271CE876004851D0;
					};
					B2FB4BAC271CE878004851D0 = {
						CreatedOnToolsVersion = 13.0;
						TestTargetID = B2FB4B92271CE876004851D0;
					};
				};
			};
			buildConfigurationList = B2FB4B8E271CE876004851D0 /* Build configuration list for PBXProject "wkweebview" */;
			compatibilityVersion = "Xcode 13.0";
			developmentRegion = en;
			hasScannedForEncodings = 0;
			knownRegions = (
				en,
				Base,
			);
			mainGroup = B2FB4B8A271CE876004851D0;
			packageReferences = (
				B25CA3C3274CA68900E3F90C /* XCRemoteSwiftPackageReference "firebase-ios-sdk" */,
			);
			productRefGroup = B2FB4B94271CE876004851D0 /* Products */;
			projectDirPath = "";
			projectRoot = "";
			targets = (
				B2FB4B92271CE876004851D0 /* wkweebview */,
				B2FB4BA2271CE878004851D0 /* wkweebviewTests */,
				B2FB4BAC271CE878004851D0 /* wkweebviewUITests */,
			);
		};
/* End PBXProject section */

/* Begin PBXResourcesBuildPhase section */
		B2FB4B91271CE876004851D0 /* Resources */ = {
			isa = PBXResourcesBuildPhase;
			buildActionMask = 2147483647;
			files = (
				94BDE8E02730D00400126FD6 /* Launch Screen.storyboard in Resources */,
				B25CA39A274B9A7300E3F90C /* GoogleService-Info.plist in Resources */,
				B2FB4B9E271CE878004851D0 /* Preview Assets.xcassets in Resources */,
				B2FB4B9B271CE878004851D0 /* Assets.xcassets in Resources */,
			);
			runOnlyForDeploymentPostprocessing = 0;
		};
		B2FB4BA1271CE878004851D0 /* Resources */ = {
			isa = PBXResourcesBuildPhase;
			buildActionMask = 2147483647;
			files = (
			);
			runOnlyForDeploymentPostprocessing = 0;
		};
		B2FB4BAB271CE878004851D0 /* Resources */ = {
			isa = PBXResourcesBuildPhase;
			buildActionMask = 2147483647;
			files = (
			);
			runOnlyForDeploymentPostprocessing = 0;
		};
/* End PBXResourcesBuildPhase section */

/* Begin PBXSourcesBuildPhase section */
		B2FB4B8F271CE876004851D0 /* Sources */ = {
			isa = PBXSourcesBuildPhase;
			buildActionMask = 2147483647;
			files = (
				B2FB4B99271CE876004851D0 /* ContentView.swift in Sources */,
				94BDE92027325A0000126FD6 /* MainView.swift in Sources */,
				B2FB4B97271CE876004851D0 /* wkweebviewApp.swift in Sources */,
			);
			runOnlyForDeploymentPostprocessing = 0;
		};
		B2FB4B9F271CE878004851D0 /* Sources */ = {
			isa = PBXSourcesBuildPhase;
			buildActionMask = 2147483647;
			files = (
				B2FB4BA8271CE878004851D0 /* wkweebviewTests.swift in Sources */,
			);
			runOnlyForDeploymentPostprocessing = 0;
		};
		B2FB4BA9271CE878004851D0 /* Sources */ = {
			isa = PBXSourcesBuildPhase;
			buildActionMask = 2147483647;
			files = (
				B2FB4BB4271CE878004851D0 /* wkweebviewUITestsLaunchTests.swift in Sources */,
				B2FB4BB2271CE878004851D0 /* wkweebviewUITests.swift in Sources */,
			);
			runOnlyForDeploymentPostprocessing = 0;
		};
/* End PBXSourcesBuildPhase section */

/* Begin PBXTargetDependency section */
		B2FB4BA5271CE878004851D0 /* PBXTargetDependency */ = {
			isa = PBXTargetDependency;
			target = B2FB4B92271CE876004851D0 /* wkweebview */;
			targetProxy = B2FB4BA4271CE878004851D0 /* PBXContainerItemProxy */;
		};
		B2FB4BAF271CE878004851D0 /* PBXTargetDependency */ = {
			isa = PBXTargetDependency;
			target = B2FB4B92271CE876004851D0 /* wkweebview */;
			targetProxy = B2FB4BAE271CE878004851D0 /* PBXContainerItemProxy */;
		};
/* End PBXTargetDependency section */

/* Begin XCBuildConfiguration section */
		B2FB4BB5271CE878004851D0 /* Debug */ = {
			isa = XCBuildConfiguration;
			buildSettings = {
				ALWAYS_SEARCH_USER_PATHS = NO;
				CLANG_ANALYZER_NONNULL = YES;
				CLANG_ANALYZER_NUMBER_OBJECT_CONVERSION = YES_AGGRESSIVE;
				CLANG_CXX_LANGUAGE_STANDARD = "gnu++17";
				CLANG_CXX_LIBRARY = "libc++";
				CLANG_ENABLE_MODULES = YES;
				CLANG_ENABLE_OBJC_ARC = YES;
				CLANG_ENABLE_OBJC_WEAK = YES;
				CLANG_WARN_BLOCK_CAPTURE_AUTORELEASING = YES;
				CLANG_WARN_BOOL_CONVERSION = YES;
				CLANG_WARN_COMMA = YES;
				CLANG_WARN_CONSTANT_CONVERSION = YES;
				CLANG_WARN_DEPRECATED_OBJC_IMPLEMENTATIONS = YES;
				CLANG_WARN_DIRECT_OBJC_ISA_USAGE = YES_ERROR;
				CLANG_WARN_DOCUMENTATION_COMMENTS = YES;
				CLANG_WARN_EMPTY_BODY = YES;
				CLANG_WARN_ENUM_CONVERSION = YES;
				CLANG_WARN_INFINITE_RECURSION = YES;
				CLANG_WARN_INT_CONVERSION = YES;
				CLANG_WARN_NON_LITERAL_NULL_CONVERSION = YES;
				CLANG_WARN_OBJC_IMPLICIT_RETAIN_SELF = YES;
				CLANG_WARN_OBJC_LITERAL_CONVERSION = YES;
				CLANG_WARN_OBJC_ROOT_CLASS = YES_ERROR;
				CLANG_WARN_QUOTED_INCLUDE_IN_FRAMEWORK_HEADER = YES;
				CLANG_WARN_RANGE_LOOP_ANALYSIS = YES;
				CLANG_WARN_STRICT_PROTOTYPES = YES;
				CLANG_WARN_SUSPICIOUS_MOVE = YES;
				CLANG_WARN_UNGUARDED_AVAILABILITY = YES_AGGRESSIVE;
				CLANG_WARN_UNREACHABLE_CODE = YES;
				CLANG_WARN__DUPLICATE_METHOD_MATCH = YES;
				COPY_PHASE_STRIP = NO;
				DEBUG_INFORMATION_FORMAT = dwarf;
				ENABLE_STRICT_OBJC_MSGSEND = YES;
				ENABLE_TESTABILITY = YES;
				GCC_C_LANGUAGE_STANDARD = gnu11;
				GCC_DYNAMIC_NO_PIC = NO;
				GCC_NO_COMMON_BLOCKS = YES;
				GCC_OPTIMIZATION_LEVEL = 0;
				GCC_PREPROCESSOR_DEFINITIONS = (
					"DEBUG=1",
					"$(inherited)",
				);
				GCC_WARN_64_TO_32_BIT_CONVERSION = YES;
				GCC_WARN_ABOUT_RETURN_TYPE = YES_ERROR;
				GCC_WARN_UNDECLARED_SELECTOR = YES;
				GCC_WARN_UNINITIALIZED_AUTOS = YES_AGGRESSIVE;
				GCC_WARN_UNUSED_FUNCTION = YES;
				GCC_WARN_UNUSED_VARIABLE = YES;
				IPHONEOS_DEPLOYMENT_TARGET = 15.0;
				MTL_ENABLE_DEBUG_INFO = INCLUDE_SOURCE;
				MTL_FAST_MATH = YES;
				ONLY_ACTIVE_ARCH = YES;
				SDKROOT = iphoneos;
				SWIFT_ACTIVE_COMPILATION_CONDITIONS = DEBUG;
				SWIFT_OPTIMIZATION_LEVEL = "-Onone";
			};
			name = Debug;
		};
		B2FB4BB6271CE878004851D0 /* Release */ = {
			isa = XCBuildConfiguration;
			buildSettings = {
				ALWAYS_SEARCH_USER_PATHS = NO;
				CLANG_ANALYZER_NONNULL = YES;
				CLANG_ANALYZER_NUMBER_OBJECT_CONVERSION = YES_AGGRESSIVE;
				CLANG_CXX_LANGUAGE_STANDARD = "gnu++17";
				CLANG_CXX_LIBRARY = "libc++";
				CLANG_ENABLE_MODULES = YES;
				CLANG_ENABLE_OBJC_ARC = YES;
				CLANG_ENABLE_OBJC_WEAK = YES;
				CLANG_WARN_BLOCK_CAPTURE_AUTORELEASING = YES;
				CLANG_WARN_BOOL_CONVERSION = YES;
				CLANG_WARN_COMMA = YES;
				CLANG_WARN_CONSTANT_CONVERSION = YES;
				CLANG_WARN_DEPRECATED_OBJC_IMPLEMENTATIONS = YES;
				CLANG_WARN_DIRECT_OBJC_ISA_USAGE = YES_ERROR;
				CLANG_WARN_DOCUMENTATION_COMMENTS = YES;
				CLANG_WARN_EMPTY_BODY = YES;
				CLANG_WARN_ENUM_CONVERSION = YES;
				CLANG_WARN_INFINITE_RECURSION = YES;
				CLANG_WARN_INT_CONVERSION = YES;
				CLANG_WARN_NON_LITERAL_NULL_CONVERSION = YES;
				CLANG_WARN_OBJC_IMPLICIT_RETAIN_SELF = YES;
				CLANG_WARN_OBJC_LITERAL_CONVERSION = YES;
				CLANG_WARN_OBJC_ROOT_CLASS = YES_ERROR;
				CLANG_WARN_QUOTED_INCLUDE_IN_FRAMEWORK_HEADER = YES;
				CLANG_WARN_RANGE_LOOP_ANALYSIS = YES;
				CLANG_WARN_STRICT_PROTOTYPES = YES;
				CLANG_WARN_SUSPICIOUS_MOVE = YES;
				CLANG_WARN_UNGUARDED_AVAILABILITY = YES_AGGRESSIVE;
				CLANG_WARN_UNREACHABLE_CODE = YES;
				CLANG_WARN__DUPLICATE_METHOD_MATCH = YES;
				COPY_PHASE_STRIP = NO;
				DEBUG_INFORMATION_FORMAT = "dwarf-with-dsym";
				ENABLE_NS_ASSERTIONS = NO;
				ENABLE_STRICT_OBJC_MSGSEND = YES;
				GCC_C_LANGUAGE_STANDARD = gnu11;
				GCC_NO_COMMON_BLOCKS = YES;
				GCC_WARN_64_TO_32_BIT_CONVERSION = YES;
				GCC_WARN_ABOUT_RETURN_TYPE = YES_ERROR;
				GCC_WARN_UNDECLARED_SELECTOR = YES;
				GCC_WARN_UNINITIALIZED_AUTOS = YES_AGGRESSIVE;
				GCC_WARN_UNUSED_FUNCTION = YES;
				GCC_WARN_UNUSED_VARIABLE = YES;
				IPHONEOS_DEPLOYMENT_TARGET = 15.0;
				MTL_ENABLE_DEBUG_INFO = NO;
				MTL_FAST_MATH = YES;
				SDKROOT = iphoneos;
				SWIFT_COMPILATION_MODE = wholemodule;
				SWIFT_OPTIMIZATION_LEVEL = "-O";
				VALIDATE_PRODUCT = YES;
			};
			name = Release;
		};
		B2FB4BB8271CE878004851D0 /* Debug */ = {
			isa = XCBuildConfiguration;
			buildSettings = {
				ASSETCATALOG_COMPILER_APPICON_NAME = AppIcon;
				ASSETCATALOG_COMPILER_GLOBAL_ACCENT_COLOR_NAME = AccentColor;
				CODE_SIGN_ENTITLEMENTS = wkweebview/wkweebview.entitlements;
				CODE_SIGN_IDENTITY = "Apple Development";
				CODE_SIGN_STYLE = Automatic;
				CURRENT_PROJECT_VERSION = 1;
				DEVELOPMENT_ASSET_PATHS = "\"wkweebview/Preview Content\"";
				DEVELOPMENT_TEAM = XC454JUT95;
				ENABLE_PREVIEWS = YES;
				GENERATE_INFOPLIST_FILE = YES;
				INFOPLIST_FILE = wkweebview/Info.plist;
				INFOPLIST_KEY_LSApplicationCategoryType = "";
				INFOPLIST_KEY_UIApplicationSceneManifest_Generation = YES;
				INFOPLIST_KEY_UIApplicationSupportsIndirectInputEvents = YES;
				INFOPLIST_KEY_UILaunchStoryboardName = "Launch Screen";
				INFOPLIST_KEY_UISupportedInterfaceOrientations_iPad = "UIInterfaceOrientationPortrait UIInterfaceOrientationPortraitUpsideDown UIInterfaceOrientationLandscapeLeft UIInterfaceOrientationLandscapeRight";
				INFOPLIST_KEY_UISupportedInterfaceOrientations_iPhone = "UIInterfaceOrientationPortrait UIInterfaceOrientationLandscapeLeft UIInterfaceOrientationLandscapeRight";
				IPHONEOS_DEPLOYMENT_TARGET = 14.0;
				LD_RUNPATH_SEARCH_PATHS = (
					"$(inherited)",
					"@executable_path/Frameworks",
				);
				MARKETING_VERSION = 1.0;
				PRODUCT_BUNDLE_IDENTIFIER = com.mikeplusplus.joolwang;
				PRODUCT_NAME = "$(TARGET_NAME)";
				PROVISIONING_PROFILE_SPECIFIER = "";
				SWIFT_EMIT_LOC_STRINGS = YES;
				SWIFT_VERSION = 5.0;
				TARGETED_DEVICE_FAMILY = "1,2";
			};
			name = Debug;
		};
		B2FB4BB9271CE878004851D0 /* Release */ = {
			isa = XCBuildConfiguration;
			buildSettings = {
				ASSETCATALOG_COMPILER_APPICON_NAME = AppIcon;
				ASSETCATALOG_COMPILER_GLOBAL_ACCENT_COLOR_NAME = AccentColor;
				CODE_SIGN_ENTITLEMENTS = wkweebview/wkweebviewRelease.entitlements;
				CODE_SIGN_IDENTITY = "Apple Development";
				CODE_SIGN_STYLE = Automatic;
				CURRENT_PROJECT_VERSION = 1;
				DEVELOPMENT_ASSET_PATHS = "\"wkweebview/Preview Content\"";
				DEVELOPMENT_TEAM = XC454JUT95;
				ENABLE_PREVIEWS = YES;
				GENERATE_INFOPLIST_FILE = YES;
				INFOPLIST_FILE = wkweebview/Info.plist;
				INFOPLIST_KEY_LSApplicationCategoryType = "";
				INFOPLIST_KEY_UIApplicationSceneManifest_Generation = YES;
				INFOPLIST_KEY_UIApplicationSupportsIndirectInputEvents = YES;
				INFOPLIST_KEY_UILaunchStoryboardName = "Launch Screen";
				INFOPLIST_KEY_UISupportedInterfaceOrientations_iPad = "UIInterfaceOrientationPortrait UIInterfaceOrientationPortraitUpsideDown UIInterfaceOrientationLandscapeLeft UIInterfaceOrientationLandscapeRight";
				INFOPLIST_KEY_UISupportedInterfaceOrientations_iPhone = "UIInterfaceOrientationPortrait UIInterfaceOrientationLandscapeLeft UIInterfaceOrientationLandscapeRight";
				IPHONEOS_DEPLOYMENT_TARGET = 14.0;
				LD_RUNPATH_SEARCH_PATHS = (
					"$(inherited)",
					"@executable_path/Frameworks",
				);
				MARKETING_VERSION = 1.0;
				PRODUCT_BUNDLE_IDENTIFIER = com.mikeplusplus.joolwang;
				PRODUCT_NAME = "$(TARGET_NAME)";
				PROVISIONING_PROFILE_SPECIFIER = "";
				SWIFT_EMIT_LOC_STRINGS = YES;
				SWIFT_VERSION = 5.0;
				TARGETED_DEVICE_FAMILY = "1,2";
			};
			name = Release;
		};
		B2FB4BBB271CE878004851D0 /* Debug */ = {
			isa = XCBuildConfiguration;
			buildSettings = {
				ALWAYS_EMBED_SWIFT_STANDARD_LIBRARIES = YES;
				BUNDLE_LOADER = "$(TEST_HOST)";
				CODE_SIGN_STYLE = Automatic;
				CURRENT_PROJECT_VERSION = 1;
				GENERATE_INFOPLIST_FILE = YES;
				IPHONEOS_DEPLOYMENT_TARGET = 14.0;
				LD_RUNPATH_SEARCH_PATHS = (
					"$(inherited)",
					"@executable_path/Frameworks",
					"@loader_path/Frameworks",
				);
				MARKETING_VERSION = 1.0;
				PRODUCT_BUNDLE_IDENTIFIER = seol.wkweebviewTests;
				PRODUCT_NAME = "$(TARGET_NAME)";
				SWIFT_EMIT_LOC_STRINGS = NO;
				SWIFT_VERSION = 5.0;
				TARGETED_DEVICE_FAMILY = "1,2";
				TEST_HOST = "$(BUILT_PRODUCTS_DIR)/wkweebview.app/wkweebview";
			};
			name = Debug;
		};
		B2FB4BBC271CE878004851D0 /* Release */ = {
			isa = XCBuildConfiguration;
			buildSettings = {
				ALWAYS_EMBED_SWIFT_STANDARD_LIBRARIES = YES;
				BUNDLE_LOADER = "$(TEST_HOST)";
				CODE_SIGN_STYLE = Automatic;
				CURRENT_PROJECT_VERSION = 1;
				DEVELOPMENT_TEAM = XC454JUT95;
				GENERATE_INFOPLIST_FILE = YES;
				IPHONEOS_DEPLOYMENT_TARGET = 14.0;
				LD_RUNPATH_SEARCH_PATHS = (
					"$(inherited)",
					"@executable_path/Frameworks",
					"@loader_path/Frameworks",
				);
				MARKETING_VERSION = 1.0;
				PRODUCT_BUNDLE_IDENTIFIER = seol.wkweebviewTests;
				PRODUCT_NAME = "$(TARGET_NAME)";
				SWIFT_EMIT_LOC_STRINGS = NO;
				SWIFT_VERSION = 5.0;
				TARGETED_DEVICE_FAMILY = "1,2";
				TEST_HOST = "$(BUILT_PRODUCTS_DIR)/wkweebview.app/wkweebview";
			};
			name = Release;
		};
		B2FB4BBE271CE878004851D0 /* Debug */ = {
			isa = XCBuildConfiguration;
			buildSettings = {
				ALWAYS_EMBED_SWIFT_STANDARD_LIBRARIES = YES;
				CODE_SIGN_STYLE = Automatic;
				CURRENT_PROJECT_VERSION = 1;
				GENERATE_INFOPLIST_FILE = YES;
				LD_RUNPATH_SEARCH_PATHS = (
					"$(inherited)",
					"@executable_path/Frameworks",
					"@loader_path/Frameworks",
				);
				MARKETING_VERSION = 1.0;
				PRODUCT_BUNDLE_IDENTIFIER = seol.wkweebviewUITests;
				PRODUCT_NAME = "$(TARGET_NAME)";
				SWIFT_EMIT_LOC_STRINGS = NO;
				SWIFT_VERSION = 5.0;
				TARGETED_DEVICE_FAMILY = "1,2";
				TEST_TARGET_NAME = wkweebview;
			};
			name = Debug;
		};
		B2FB4BBF271CE878004851D0 /* Release */ = {
			isa = XCBuildConfiguration;
			buildSettings = {
				ALWAYS_EMBED_SWIFT_STANDARD_LIBRARIES = YES;
				CODE_SIGN_STYLE = Automatic;
				CURRENT_PROJECT_VERSION = 1;
				DEVELOPMENT_TEAM = XC454JUT95;
				GENERATE_INFOPLIST_FILE = YES;
				LD_RUNPATH_SEARCH_PATHS = (
					"$(inherited)",
					"@executable_path/Frameworks",
					"@loader_path/Frameworks",
				);
				MARKETING_VERSION = 1.0;
				PRODUCT_BUNDLE_IDENTIFIER = seol.wkweebviewUITests;
				PRODUCT_NAME = "$(TARGET_NAME)";
				SWIFT_EMIT_LOC_STRINGS = NO;
				SWIFT_VERSION = 5.0;
				TARGETED_DEVICE_FAMILY = "1,2";
				TEST_TARGET_NAME = wkweebview;
			};
			name = Release;
		};
/* End XCBuildConfiguration section */

/* Begin XCConfigurationList section */
		B2FB4B8E271CE876004851D0 /* Build configuration list for PBXProject "wkweebview" */ = {
			isa = XCConfigurationList;
			buildConfigurations = (
				B2FB4BB5271CE878004851D0 /* Debug */,
				B2FB4BB6271CE878004851D0 /* Release */,
			);
			defaultConfigurationIsVisible = 0;
			defaultConfigurationName = Release;
		};
		B2FB4BB7271CE878004851D0 /* Build configuration list for PBXNativeTarget "wkweebview" */ = {
			isa = XCConfigurationList;
			buildConfigurations = (
				B2FB4BB8271CE878004851D0 /* Debug */,
				B2FB4BB9271CE878004851D0 /* Release */,
			);
			defaultConfigurationIsVisible = 0;
			defaultConfigurationName = Release;
		};
		B2FB4BBA271CE878004851D0 /* Build configuration list for PBXNativeTarget "wkweebviewTests" */ = {
			isa = XCConfigurationList;
			buildConfigurations = (
				B2FB4BBB271CE878004851D0 /* Debug */,
				B2FB4BBC271CE878004851D0 /* Release */,
			);
			defaultConfigurationIsVisible = 0;
			defaultConfigurationName = Release;
		};
		B2FB4BBD271CE878004851D0 /* Build configuration list for PBXNativeTarget "wkweebviewUITests" */ = {
			isa = XCConfigurationList;
			buildConfigurations = (
				B2FB4BBE271CE878004851D0 /* Debug */,
				B2FB4BBF271CE878004851D0 /* Release */,
			);
			defaultConfigurationIsVisible = 0;
			defaultConfigurationName = Release;
		};
/* End XCConfigurationList section */

/* Begin XCRemoteSwiftPackageReference section */
		B25CA3C3274CA68900E3F90C /* XCRemoteSwiftPackageReference "firebase-ios-sdk" */ = {
			isa = XCRemoteSwiftPackageReference;
			repositoryURL = "https://github.com/firebase/firebase-ios-sdk";
			requirement = {
				branch = master;
				kind = branch;
			};
		};
/* End XCRemoteSwiftPackageReference section */

/* Begin XCSwiftPackageProductDependency section */
		B25CA3C4274CA68900E3F90C /* FirebaseAnalytics */ = {
			isa = XCSwiftPackageProductDependency;
			package = B25CA3C3274CA68900E3F90C /* XCRemoteSwiftPackageReference "firebase-ios-sdk" */;
			productName = FirebaseAnalytics;
		};
		B25CA3C6274CA68900E3F90C /* FirebaseMessaging */ = {
			isa = XCSwiftPackageProductDependency;
			package = B25CA3C3274CA68900E3F90C /* XCRemoteSwiftPackageReference "firebase-ios-sdk" */;
			productName = FirebaseMessaging;
		};
/* End XCSwiftPackageProductDependency section */
	};
	rootObject = B2FB4B8B271CE876004851D0 /* Project object */;
}
